
Microsoft Visual Studio Solution File, Format Version 12.00
# Visual Studio Version 17
VisualStudioVersion = 17.13.35913.81 d17.13
MinimumVisualStudioVersion = 10.0.40219.1
Project("{FAE04EC0-301F-11D3-BF4B-00C04F79EFBC}") = "Bai6", "Bai6.csproj", "{BEE1AD74-C6C3-444C-973C-0638DAFC1BA3}"
EndProject
Global
	GlobalSection(SolutionConfigurationPlatforms) = preSolution
		Debug|Any CPU = Debug|Any CPU
		Release|Any CPU = Release|Any CPU
	EndGlobalSection
	GlobalSection(ProjectConfigurationPlatforms) = postSolution
		{BEE1AD74-C6C3-444C-973C-0638DAFC1BA3}.Debug|Any CPU.ActiveCfg = Debug|Any CPU
		{BEE1AD74-C6C3-444C-973C-0638DAFC1BA3}.Debug|Any CPU.Build.0 = Debug|Any CPU
		{BEE1AD74-C6C3-444C-973C-0638DAFC1BA3}.Release|Any CPU.ActiveCfg = Release|Any CPU
		{BEE1AD74-C6C3-444C-973C-0638DAFC1BA3}.Release|Any CPU.Build.0 = Release|Any CPU
	EndGlobalSection
	GlobalSection(SolutionProperties) = preSolution
		HideSolutionNode = FALSE
	EndGlobalSection
	GlobalSection(ExtensibilityGlobals) = postSolution
		SolutionGuid = {1F723323-BA5F-4D8F-8BFD-3D92A29B55C6}
	EndGlobalSection
EndGlobal
