
Microsoft Visual Studio Solution File, Format Version 12.00
# Visual Studio Version 17
VisualStudioVersion = 17.13.35913.81 d17.13
MinimumVisualStudioVersion = 10.0.40219.1
Project("{FAE04EC0-301F-11D3-BF4B-00C04F79EFBC}") = "Bai8", "Bai8.csproj", "{A3ED6384-5AAD-45E1-9E7F-D535F35738C2}"
EndProject
Global
	GlobalSection(SolutionConfigurationPlatforms) = preSolution
		Debug|Any CPU = Debug|Any CPU
		Release|Any CPU = Release|Any CPU
	EndGlobalSection
	GlobalSection(ProjectConfigurationPlatforms) = postSolution
		{A3ED6384-5AAD-45E1-9E7F-D535F35738C2}.Debug|Any CPU.ActiveCfg = Debug|Any CPU
		{A3ED6384-5AAD-45E1-9E7F-D535F35738C2}.Debug|Any CPU.Build.0 = Debug|Any CPU
		{A3ED6384-5AAD-45E1-9E7F-D535F35738C2}.Release|Any CPU.ActiveCfg = Release|Any CPU
		{A3ED6384-5AAD-45E1-9E7F-D535F35738C2}.Release|Any CPU.Build.0 = Release|Any CPU
	EndGlobalSection
	GlobalSection(SolutionProperties) = preSolution
		HideSolutionNode = FALSE
	EndGlobalSection
	GlobalSection(ExtensibilityGlobals) = postSolution
		SolutionGuid = {A21E0ECD-4F8C-4971-8423-3812E8844078}
	EndGlobalSection
EndGlobal
